
Microsoft Visual Studio Solution File, Format Version 12.00
# Visual Studio Version 17
VisualStudioVersion = 17.1.32228.430
MinimumVisualStudioVersion = 10.0.40219.1
Project("{FAE04EC0-301F-11D3-BF4B-00C04F79EFBC}") = "Task_18_Multiplicity", "Task_18_Multiplicity.csproj", "{00F45DA2-2F80-4F45-96FD-11F0544D7008}"
EndProject
Global
	GlobalSection(SolutionConfigurationPlatforms) = preSolution
		Debug|Any CPU = Debug|Any CPU
		Release|Any CPU = Release|Any CPU
	EndGlobalSection
	GlobalSection(ProjectConfigurationPlatforms) = postSolution
		{00F45DA2-2F80-4F45-96FD-11F0544D7008}.Debug|Any CPU.ActiveCfg = Debug|Any CPU
		{00F45DA2-2F80-4F45-96FD-11F0544D7008}.Debug|Any CPU.Build.0 = Debug|Any CPU
		{00F45DA2-2F80-4F45-96FD-11F0544D7008}.Release|Any CPU.ActiveCfg = Release|Any CPU
		{00F45DA2-2F80-4F45-96FD-11F0544D7008}.Release|Any CPU.Build.0 = Release|Any CPU
	EndGlobalSection
	GlobalSection(SolutionProperties) = preSolution
		HideSolutionNode = FALSE
	EndGlobalSection
	GlobalSection(ExtensibilityGlobals) = postSolution
		SolutionGuid = {186C0948-C065-4F21-ADDD-732EF97266B9}
	EndGlobalSection
EndGlobal
